
Microsoft Visual Studio Solution File, Format Version 12.00
# Visual Studio 14
VisualStudioVersion = 14.0.24720.0
MinimumVisualStudioVersion = 10.0.40219.1
Project("{FAE04EC0-301F-11D3-BF4B-00C04F79EFBC}") = "Custom List Class", "Custom List Class\Custom List Class.csproj", "{CACA3AA7-3A64-48E8-BC71-BD96F9F3197A}"
EndProject
Global
	GlobalSection(SolutionConfigurationPlatforms) = preSolution
		Debug|Any CPU = Debug|Any CPU
		Release|Any CPU = Release|Any CPU
	EndGlobalSection
	GlobalSection(ProjectConfigurationPlatforms) = postSolution
		{CACA3AA7-3A64-48E8-BC71-BD96F9F3197A}.Debug|Any CPU.ActiveCfg = Debug|Any CPU
		{CACA3AA7-3A64-48E8-BC71-BD96F9F3197A}.Debug|Any CPU.Build.0 = Debug|Any CPU
		{CACA3AA7-3A64-48E8-BC71-BD96F9F3197A}.Release|Any CPU.ActiveCfg = Release|Any CPU
		{CACA3AA7-3A64-48E8-BC71-BD96F9F3197A}.Release|Any CPU.Build.0 = Release|Any CPU
	EndGlobalSection
	GlobalSection(SolutionProperties) = preSolution
		HideSolutionNode = FALSE
	EndGlobalSection
EndGlobal
